
Microsoft Visual Studio Solution File, Format Version 12.00
# Visual Studio Version 17
VisualStudioVersion = 17.8.34330.188
MinimumVisualStudioVersion = 10.0.40219.1
Project("{FAE04EC0-301F-11D3-BF4B-00C04F79EFBC}") = "Rabbit.Publisher.Api", "Rabbit.Publisher.Api\Rabbit.Publisher.Api.csproj", "{E506DA71-96A2-4CAF-8A2E-4A38B3C14F98}"
EndProject
Project("{FAE04EC0-301F-11D3-BF4B-00C04F79EFBC}") = "Rabbit.Consumer", "Rabbit.Consumer\Rabbit.Consumer.csproj", "{ABF02DB5-FBE1-4F8C-9AC7-4687DACE724B}"
EndProject
Project("{FAE04EC0-301F-11D3-BF4B-00C04F79EFBC}") = "Rabbit.Models", "Rabbit.Models\Rabbit.Models.csproj", "{696FF251-70B1-4088-8AF4-1CABB5E9B559}"
EndProject
Project("{FAE04EC0-301F-11D3-BF4B-00C04F79EFBC}") = "Rabbit.Services", "Rabbit.Services\Rabbit.Services.csproj", "{C26732D3-202A-45C9-8F52-61E6C1457FC8}"
EndProject
Project("{FAE04EC0-301F-11D3-BF4B-00C04F79EFBC}") = "Rabbit.Repositories", "Rabbit.Repositories\Rabbit.Repositories.csproj", "{C07A1103-AF1B-4A1E-8B68-AD7D47BD07C3}"
EndProject
Global
	GlobalSection(SolutionConfigurationPlatforms) = preSolution
		Debug|Any CPU = Debug|Any CPU
		Release|Any CPU = Release|Any CPU
	EndGlobalSection
	GlobalSection(ProjectConfigurationPlatforms) = postSolution
		{E506DA71-96A2-4CAF-8A2E-4A38B3C14F98}.Debug|Any CPU.ActiveCfg = Debug|Any CPU
		{E506DA71-96A2-4CAF-8A2E-4A38B3C14F98}.Debug|Any CPU.Build.0 = Debug|Any CPU
		{E506DA71-96A2-4CAF-8A2E-4A38B3C14F98}.Release|Any CPU.ActiveCfg = Release|Any CPU
		{E506DA71-96A2-4CAF-8A2E-4A38B3C14F98}.Release|Any CPU.Build.0 = Release|Any CPU
		{ABF02DB5-FBE1-4F8C-9AC7-4687DACE724B}.Debug|Any CPU.ActiveCfg = Debug|Any CPU
		{ABF02DB5-FBE1-4F8C-9AC7-4687DACE724B}.Debug|Any CPU.Build.0 = Debug|Any CPU
		{ABF02DB5-FBE1-4F8C-9AC7-4687DACE724B}.Release|Any CPU.ActiveCfg = Release|Any CPU
		{ABF02DB5-FBE1-4F8C-9AC7-4687DACE724B}.Release|Any CPU.Build.0 = Release|Any CPU
		{696FF251-70B1-4088-8AF4-1CABB5E9B559}.Debug|Any CPU.ActiveCfg = Debug|Any CPU
		{696FF251-70B1-4088-8AF4-1CABB5E9B559}.Debug|Any CPU.Build.0 = Debug|Any CPU
		{696FF251-70B1-4088-8AF4-1CABB5E9B559}.Release|Any CPU.ActiveCfg = Release|Any CPU
		{696FF251-70B1-4088-8AF4-1CABB5E9B559}.Release|Any CPU.Build.0 = Release|Any CPU
		{C26732D3-202A-45C9-8F52-61E6C1457FC8}.Debug|Any CPU.ActiveCfg = Debug|Any CPU
		{C26732D3-202A-45C9-8F52-61E6C1457FC8}.Debug|Any CPU.Build.0 = Debug|Any CPU
		{C26732D3-202A-45C9-8F52-61E6C1457FC8}.Release|Any CPU.ActiveCfg = Release|Any CPU
		{C26732D3-202A-45C9-8F52-61E6C1457FC8}.Release|Any CPU.Build.0 = Release|Any CPU
		{C07A1103-AF1B-4A1E-8B68-AD7D47BD07C3}.Debug|Any CPU.ActiveCfg = Debug|Any CPU
		{C07A1103-AF1B-4A1E-8B68-AD7D47BD07C3}.Debug|Any CPU.Build.0 = Debug|Any CPU
		{C07A1103-AF1B-4A1E-8B68-AD7D47BD07C3}.Release|Any CPU.ActiveCfg = Release|Any CPU
		{C07A1103-AF1B-4A1E-8B68-AD7D47BD07C3}.Release|Any CPU.Build.0 = Release|Any CPU
	EndGlobalSection
	GlobalSection(SolutionProperties) = preSolution
		HideSolutionNode = FALSE
	EndGlobalSection
	GlobalSection(ExtensibilityGlobals) = postSolution
		SolutionGuid = {2F532CB3-2A34-4F11-8DA9-CF7C3F23209C}
	EndGlobalSection
EndGlobal
